
Microsoft Visual Studio Solution File, Format Version 12.00
# Visual Studio Version 16
VisualStudioVersion = 16.0.29509.3
MinimumVisualStudioVersion = 10.0.40219.1
Project("{FAE04EC0-301F-11D3-BF4B-00C04F79EFBC}") = "EFTest.ConsoleApp", "EFTest.ConsoleApp\EFTest.ConsoleApp.csproj", "{F21C8C3C-FA19-4C01-BE79-A9F63A2A5EF5}"
EndProject
Project("{FAE04EC0-301F-11D3-BF4B-00C04F79EFBC}") = "EFTest.Entities", "EFTest.Entities\EFTest.Entities.csproj", "{04EFF2CE-6660-408C-B848-ABDE7E8F3FAC}"
EndProject
Global
	GlobalSection(SolutionConfigurationPlatforms) = preSolution
		Debug|Any CPU = Debug|Any CPU
		Release|Any CPU = Release|Any CPU
	EndGlobalSection
	GlobalSection(ProjectConfigurationPlatforms) = postSolution
		{F21C8C3C-FA19-4C01-BE79-A9F63A2A5EF5}.Debug|Any CPU.ActiveCfg = Debug|Any CPU
		{F21C8C3C-FA19-4C01-BE79-A9F63A2A5EF5}.Debug|Any CPU.Build.0 = Debug|Any CPU
		{F21C8C3C-FA19-4C01-BE79-A9F63A2A5EF5}.Release|Any CPU.ActiveCfg = Release|Any CPU
		{F21C8C3C-FA19-4C01-BE79-A9F63A2A5EF5}.Release|Any CPU.Build.0 = Release|Any CPU
		{04EFF2CE-6660-408C-B848-ABDE7E8F3FAC}.Debug|Any CPU.ActiveCfg = Debug|Any CPU
		{04EFF2CE-6660-408C-B848-ABDE7E8F3FAC}.Debug|Any CPU.Build.0 = Debug|Any CPU
		{04EFF2CE-6660-408C-B848-ABDE7E8F3FAC}.Release|Any CPU.ActiveCfg = Release|Any CPU
		{04EFF2CE-6660-408C-B848-ABDE7E8F3FAC}.Release|Any CPU.Build.0 = Release|Any CPU
	EndGlobalSection
	GlobalSection(SolutionProperties) = preSolution
		HideSolutionNode = FALSE
	EndGlobalSection
	GlobalSection(ExtensibilityGlobals) = postSolution
		SolutionGuid = {B4EEE05C-4057-4BFA-B02C-98C2FA9F21C3}
	EndGlobalSection
EndGlobal
